{
  "pins" : [
    {
      "identity" : "anycodable",
      "kind" : "remoteSourceControl",
      "location" : "https://github.com/Flight-School/AnyCodable",
      "state" : {
        "revision" : "862808b2070cd908cb04f9aafe7de83d35f81b05",
        "version" : "0.6.7"
      }
    },
    {
      "identity" : "bigint",
      "kind" : "remoteSourceControl",
      "location" : "https://github.com/attaswift/BigInt.git",
      "state" : {
        "revision" : "0ed110f7555c34ff468e72e1686e59721f2b0da6",
        "version" : "5.3.0"
      }
    },
    {
      "identity" : "curvelib.swift",
      "kind" : "remoteSourceControl",
      "location" : "https://github.com/tkey/curvelib.swift",
      "state" : {
        "revision" : "9f88bd5e56d1df443a908f7a7e81ae4f4d9170ea",
        "version" : "1.0.1"
      }
    },
    {
      "identity" : "customauth-swift-sdk",
      "kind" : "remoteSourceControl",
      "location" : "https://github.com/torusresearch/customauth-swift-sdk",
      "state" : {
        "revision" : "60b48acb161fb4341c353c27bc6dd96af76887ff",
        "version" : "10.0.1"
      }
    },
    {
      "identity" : "fetch-node-details-swift",
      "kind" : "remoteSourceControl",
      "location" : "https://github.com/torusresearch/fetch-node-details-swift.git",
      "state" : {
        "revision" : "c8d0121fed49ce761f5946bc30e1aafbe1ac5acb",
        "version" : "6.0.2"
      }
    },
    {
      "identity" : "jwt-kit",
      "kind" : "remoteSourceControl",
      "location" : "https://github.com/vapor/jwt-kit.git",
      "state" : {
        "revision" : "c2595b9ad7f512d7f334830b4df1fed6e917946a",
        "version" : "4.13.4"
      }
    },
    {
      "identity" : "jwtdecode.swift",
      "kind" : "remoteSourceControl",
      "location" : "https://github.com/auth0/JWTDecode.swift.git",
      "state" : {
        "revision" : "58af7278797871e460d79496621b3e5366b865b2",
        "version" : "3.1.0"
      }
    },
    {
      "identity" : "keychain-swift",
      "kind" : "remoteSourceControl",
      "location" : "https://github.com/evgenyneu/keychain-swift.git",
      "state" : {
        "revision" : "d108a1fa6189e661f91560548ef48651ed8d93b9",
        "version" : "20.0.0"
      }
    },
    {
      "identity" : "session-manager-swift",
      "kind" : "remoteSourceControl",
      "location" : "https://github.com/Web3Auth/session-manager-swift.git",
      "state" : {
        "revision" : "20cc7bff065d7fe53164d17e7714a3f17d4cea2a",
        "version" : "4.0.2"
      }
    },
    {
      "identity" : "single-factor-auth-swift",
      "kind" : "remoteSourceControl",
      "location" : "https://github.com/Web3Auth/single-factor-auth-swift",
      "state" : {
        "revision" : "73c5066d369c7d2aa1057c56a89b7f1dcdda3270",
        "version" : "5.0.0"
      }
    },
    {
      "identity" : "socket.io-client-swift",
      "kind" : "remoteSourceControl",
      "location" : "https://github.com/socketio/socket.io-client-swift",
      "state" : {
        "revision" : "175da8b5156f6b132436f0676cc84c2f6a766b6e",
        "version" : "16.1.0"
      }
    },
    {
      "identity" : "starscream",
      "kind" : "remoteSourceControl",
      "location" : "https://github.com/daltoniam/Starscream",
      "state" : {
        "revision" : "ac6c0fc9da221873e01bd1a0d4818498a71eef33",
        "version" : "4.0.6"
      }
    },
    {
      "identity" : "swift-crypto",
      "kind" : "remoteSourceControl",
      "location" : "https://github.com/apple/swift-crypto.git",
      "state" : {
        "revision" : "bc1c29221f6dfeb0ebbfbc98eb95cd3d4967868e",
        "version" : "3.4.0"
      }
    },
    {
      "identity" : "tkey-mpc-swift",
      "kind" : "remoteSourceControl",
      "location" : "https://github.com/tkey/tkey-mpc-swift",
      "state" : {
        "revision" : "8fe0cc8d5cc2ad5d38bf068bc29f6af7e3146d08",
        "version" : "3.0.0"
      }
    },
    {
      "identity" : "torus-utils-swift",
      "kind" : "remoteSourceControl",
      "location" : "https://github.com/torusresearch/torus-utils-swift.git",
      "state" : {
        "revision" : "ff85c3e96bfa29013309b487875c4d9383e4ac80",
        "version" : "8.1.1"
      }
    },
    {
      "identity" : "tss-client-swift",
      "kind" : "remoteSourceControl",
      "location" : "https://github.com/torusresearch/tss-client-swift.git",
      "state" : {
        "revision" : "40246d5e3ff1d2c97d41846576f7a81d58858981",
        "version" : "4.0.0"
      }
    }
  ],
  "version" : 2
}
