{
  "pins" : [
    {
      "identity" : "anycodable",
      "kind" : "remoteSourceControl",
      "location" : "https://github.com/Flight-School/AnyCodable",
      "state" : {
        "revision" : "862808b2070cd908cb04f9aafe7de83d35f81b05",
        "version" : "0.6.7"
      }
    },
    {
      "identity" : "bigint",
      "kind" : "remoteSourceControl",
      "location" : "https://github.com/attaswift/BigInt.git",
      "state" : {
        "revision" : "0ed110f7555c34ff468e72e1686e59721f2b0da6",
        "version" : "5.3.0"
      }
    },
    {
      "identity" : "cryptoswift",
      "kind" : "remoteSourceControl",
      "location" : "https://github.com/krzyzanowskim/CryptoSwift.git",
      "state" : {
        "revision" : "7892a123f7e8d0fe62f9f03728b17bbd4f94df5c",
        "version" : "1.8.1"
      }
    },
    {
      "identity" : "curvelib.swift",
      "kind" : "remoteSourceControl",
      "location" : "https://github.com/tkey/curvelib.swift",
      "state" : {
        "revision" : "7dad3bf1793de263f83406c08c18c9316abf082f",
        "version" : "0.1.2"
      }
    },
    {
      "identity" : "customauth-swift-sdk",
      "kind" : "remoteSourceControl",
      "location" : "https://github.com/torusresearch/customauth-swift-sdk",
      "state" : {
        "revision" : "bb0c8249b6f0e2866e51e47bebdc801848fae45a",
        "version" : "9.0.0"
      }
    },
    {
      "identity" : "fetch-node-details-swift",
      "kind" : "remoteSourceControl",
      "location" : "https://github.com/torusresearch/fetch-node-details-swift.git",
      "state" : {
        "revision" : "d591af500f32ce3c88d04af9bb74d746585acfea",
        "version" : "5.1.0"
      }
    },
    {
      "identity" : "jwt-kit",
      "kind" : "remoteSourceControl",
      "location" : "https://github.com/vapor/jwt-kit.git",
      "state" : {
        "revision" : "e05513b5aec24f88012b6e3034115b6bc915356a",
        "version" : "4.13.2"
      }
    },
    {
      "identity" : "jwtdecode.swift",
      "kind" : "remoteSourceControl",
      "location" : "https://github.com/auth0/JWTDecode.swift.git",
      "state" : {
        "revision" : "58af7278797871e460d79496621b3e5366b865b2",
        "version" : "3.1.0"
      }
    },
    {
      "identity" : "keychain-swift",
      "kind" : "remoteSourceControl",
      "location" : "https://github.com/evgenyneu/keychain-swift.git",
      "state" : {
        "revision" : "d108a1fa6189e661f91560548ef48651ed8d93b9",
        "version" : "20.0.0"
      }
    },
    {
      "identity" : "session-manager-swift",
      "kind" : "remoteSourceControl",
      "location" : "https://github.com/Web3Auth/session-manager-swift.git",
      "state" : {
        "revision" : "c89d9205a1ce38cd6c6374b906a9039d9cc03f05",
        "version" : "3.1.1"
      }
    },
    {
      "identity" : "single-factor-auth-swift",
      "kind" : "remoteSourceControl",
      "location" : "https://github.com/Web3Auth/single-factor-auth-swift",
      "state" : {
        "branch" : "feat/update-torusUtils",
        "revision" : "e7603119d0f58af7b38ec5cd29b03a945b3adc37"
      }
    },
    {
      "identity" : "socket.io-client-swift",
      "kind" : "remoteSourceControl",
      "location" : "https://github.com/socketio/socket.io-client-swift",
      "state" : {
        "revision" : "175da8b5156f6b132436f0676cc84c2f6a766b6e",
        "version" : "16.1.0"
      }
    },
    {
      "identity" : "starscream",
      "kind" : "remoteSourceControl",
      "location" : "https://github.com/daltoniam/Starscream",
      "state" : {
        "revision" : "ac6c0fc9da221873e01bd1a0d4818498a71eef33",
        "version" : "4.0.6"
      }
    },
    {
      "identity" : "swift-crypto",
      "kind" : "remoteSourceControl",
      "location" : "https://github.com/apple/swift-crypto.git",
      "state" : {
        "revision" : "f0525da24dc3c6cbb2b6b338b65042bc91cbc4bb",
        "version" : "3.3.0"
      }
    },
    {
      "identity" : "tkey-mpc-swift",
      "kind" : "remoteSourceControl",
      "location" : "https://github.com/tkey/tkey-mpc-swift",
      "state" : {
        "revision" : "0b1020f2fe0c3790bc50aa133bb613ff1b55172f",
        "version" : "2.1.0"
      }
    },
    {
      "identity" : "torus-utils-swift",
      "kind" : "remoteSourceControl",
      "location" : "https://github.com/torusresearch/torus-utils-swift.git",
      "state" : {
        "revision" : "04c62fd5f73f21bd01b7c07e08f6135db26c5940",
        "version" : "8.0.0"
      }
    },
    {
      "identity" : "tss-client-swift",
      "kind" : "remoteSourceControl",
      "location" : "https://github.com/torusresearch/tss-client-swift.git",
      "state" : {
        "revision" : "9590a1d784177d4679eca62d4dbfe781e9870c40",
        "version" : "2.0.2"
      }
    }
  ],
  "version" : 2
}
